
Microsoft Visual Studio Solution File, Format Version 12.00
# Visual Studio Version 17
VisualStudioVersion = 17.8.34004.107
MinimumVisualStudioVersion = 10.0.40219.1
Project("{FAE04EC0-301F-11D3-BF4B-00C04F79EFBC}") = "sunucu_final", "sunucu_final\sunucu_final.csproj", "{4A26F19D-A38D-43E7-A3EB-FA32A9E5F679}"
EndProject
Global
	GlobalSection(SolutionConfigurationPlatforms) = preSolution
		Debug|Any CPU = Debug|Any CPU
		Release|Any CPU = Release|Any CPU
	EndGlobalSection
	GlobalSection(ProjectConfigurationPlatforms) = postSolution
		{4A26F19D-A38D-43E7-A3EB-FA32A9E5F679}.Debug|Any CPU.ActiveCfg = Debug|Any CPU
		{4A26F19D-A38D-43E7-A3EB-FA32A9E5F679}.Debug|Any CPU.Build.0 = Debug|Any CPU
		{4A26F19D-A38D-43E7-A3EB-FA32A9E5F679}.Release|Any CPU.ActiveCfg = Release|Any CPU
		{4A26F19D-A38D-43E7-A3EB-FA32A9E5F679}.Release|Any CPU.Build.0 = Release|Any CPU
	EndGlobalSection
	GlobalSection(SolutionProperties) = preSolution
		HideSolutionNode = FALSE
	EndGlobalSection
	GlobalSection(ExtensibilityGlobals) = postSolution
		SolutionGuid = {631215B4-A151-4490-9D58-5BB76D80148E}
	EndGlobalSection
EndGlobal
